{
  "name": "hyphae-mcp-conformance-hosts",
  "version": "1.0.0",
  "lockfileVersion": 3,
  "requires": true,
  "packages": {
    "": {
      "name": "hyphae-mcp-conformance-hosts",
      "version": "1.0.0",
      "license": "Apache-2.0",
      "devDependencies": {
        "@anthropic-ai/claude-code": "2.1.233",
        "@openai/codex": "0.153.2"
      }
    },
    "node_modules/@anthropic-ai/claude-code": {
      "version": "2.1.233",
      "resolved": "https://registry.npmjs.org/@anthropic-ai/claude-code/-/claude-code-2.1.233.tgz",
      "integrity": "sha512-WS0ZSsNu2zkQonC+rW7HdByMCkPQ2l+hO1G0LdvWTj40kiYr0qAiSJjCBNRIbi0foBol4IFTCKwLHAN83qxxUQ==",
      "dev": true,
      "hasInstallScript": true,
      "license": "SEE LICENSE IN README.md",
      "bin": {
        "claude": "bin/claude.exe"
      },
      "engines": {
        "node": ">=22.0.0"
      },
      "optionalDependencies": {
        "@anthropic-ai/claude-code-darwin-arm64": "2.1.233",
        "@anthropic-ai/claude-code-darwin-x64": "2.1.233",
        "@anthropic-ai/claude-code-linux-arm64": "2.1.233",
        "@anthropic-ai/claude-code-linux-arm64-musl": "2.1.233",
        "@anthropic-ai/claude-code-linux-x64": "2.1.233",
        "@anthropic-ai/claude-code-linux-x64-musl": "2.1.233",
        "@anthropic-ai/claude-code-win32-arm64": "2.1.233",
        "@anthropic-ai/claude-code-win32-x64": "2.1.233"
      }
    },
    "node_modules/@anthropic-ai/claude-code-darwin-arm64": {
      "version": "2.1.233",
      "resolved": "https://registry.npmjs.org/@anthropic-ai/claude-code-darwin-arm64/-/claude-code-darwin-arm64-2.1.233.tgz",
      "integrity": "sha512-mB2FyJQ0a+FTWbBTSQ3ZTAmm6Qxr5fSU2jA8JpHQ7XslcoKzmDV+/zN8CdGkshwY3kRLx432kDiHcBoTQuc/Dg==",
      "cpu": [
        "arm64"
      ],
      "dev": true,
      "license": "SEE LICENSE IN LICENSE.md",
      "optional": true,
      "os": [
        "darwin"
      ]
    },
    "node_modules/@anthropic-ai/claude-code-darwin-x64": {
      "version": "2.1.233",
      "resolved": "https://registry.npmjs.org/@anthropic-ai/claude-code-darwin-x64/-/claude-code-darwin-x64-2.1.233.tgz",
      "integrity": "sha512-uS5jiOm+JNcoPGHHQ0Z5V/8eWYWjPdUHY5LOKPEVaFNR+bDkQcPcsnBZk9oHOiex15TnDsFsTpIWTNLRs2Bv1Q==",
      "cpu": [
        "x64"
      ],
      "dev": true,
      "license": "SEE LICENSE IN LICENSE.md",
      "optional": true,
      "os": [
        "darwin"
      ]
    },
    "node_modules/@anthropic-ai/claude-code-linux-arm64": {
      "version": "2.1.233",
      "resolved": "https://registry.npmjs.org/@anthropic-ai/claude-code-linux-arm64/-/claude-code-linux-arm64-2.1.233.tgz",
      "integrity": "sha512-G7Te22sph7qywNyfIcQq7Li7bbQp8zBHZV4mDBBP5ZXswkGDJSip8MSNU2OlHsoVgcLtTzNlm0U25wys/r0jag==",
      "cpu": [
        "arm64"
      ],
      "dev": true,
      "libc": [
        "glibc"
      ],
      "license": "SEE LICENSE IN LICENSE.md",
      "optional": true,
      "os": [
        "linux"
      ]
    },
    "node_modules/@anthropic-ai/claude-code-linux-arm64-musl": {
      "version": "2.1.233",
      "resolved": "https://registry.npmjs.org/@anthropic-ai/claude-code-linux-arm64-musl/-/claude-code-linux-arm64-musl-2.1.233.tgz",
      "integrity": "sha512-XmMTZ3U4hhAUMvOQ794tmkz0/Mga39ecBB7vf+CdSm4HirdzOaGAvW18l7tWhcPRXH3M7Tx1bDefhyRdlSEc5g==",
      "cpu": [
        "arm64"
      ],
      "dev": true,
      "libc": [
        "musl"
      ],
      "license": "SEE LICENSE IN LICENSE.md",
      "optional": true,
      "os": [
        "linux"
      ]
    },
    "node_modules/@anthropic-ai/claude-code-linux-x64": {
      "version": "2.1.233",
      "resolved": "https://registry.npmjs.org/@anthropic-ai/claude-code-linux-x64/-/claude-code-linux-x64-2.1.233.tgz",
      "integrity": "sha512-ubMVvBBlsks5NE0EmucELB2h/XZ64L86JgmMBUWShLgDAkrrzCh1zIf5qX1+SPskXAnMfKBFTMNeaT6UruxRkQ==",
      "cpu": [
        "x64"
      ],
      "dev": true,
      "libc": [
        "glibc"
      ],
      "license": "SEE LICENSE IN LICENSE.md",
      "optional": true,
      "os": [
        "linux"
      ]
    },
    "node_modules/@anthropic-ai/claude-code-linux-x64-musl": {
      "version": "2.1.233",
      "resolved": "https://registry.npmjs.org/@anthropic-ai/claude-code-linux-x64-musl/-/claude-code-linux-x64-musl-2.1.233.tgz",
      "integrity": "sha512-KlgySdzFyoGmBLr6ReSBHclRwAzEuRLBmmYSHq2j9BLlXTy1kt0mhJoEffYkw1Hs5dasSK9sGEVgNt6wJ/PMmA==",
      "cpu": [
        "x64"
      ],
      "dev": true,
      "libc": [
        "musl"
      ],
      "license": "SEE LICENSE IN LICENSE.md",
      "optional": true,
      "os": [
        "linux"
      ]
    },
    "node_modules/@anthropic-ai/claude-code-win32-arm64": {
      "version": "2.1.233",
      "resolved": "https://registry.npmjs.org/@anthropic-ai/claude-code-win32-arm64/-/claude-code-win32-arm64-2.1.233.tgz",
      "integrity": "sha512-bB6YrEv+PtQG9aPhPyAwhJZpPlBqFrqshcHPj+0S1gOkj6CwjtbnTDOMhywsd593XsiI5lWaWi4ZUo0FDZjzaA==",
      "cpu": [
        "arm64"
      ],
      "dev": true,
      "license": "SEE LICENSE IN LICENSE.md",
      "optional": true,
      "os": [
        "win32"
      ]
    },
    "node_modules/@anthropic-ai/claude-code-win32-x64": {
      "version": "2.1.233",
      "resolved": "https://registry.npmjs.org/@anthropic-ai/claude-code-win32-x64/-/claude-code-win32-x64-2.1.233.tgz",
      "integrity": "sha512-8tg7+eDee3JfjBdNgxhVYrYr9eweqprRxten1OW+hrSTvKV5YjZb0CheFqtaqilDLILLt8LRQ0n/YeweQeycyA==",
      "cpu": [
        "x64"
      ],
      "dev": true,
      "license": "SEE LICENSE IN LICENSE.md",
      "optional": true,
      "os": [
        "win32"
      ]
    },
    "node_modules/@openai/codex": {
      "version": "0.153.2",
      "resolved": "https://registry.npmjs.org/@openai/codex/-/codex-0.153.2.tgz",
      "integrity": "sha512-IRocJlE+jCZGYHwIJWBja2nDswTSZY4sNddQgU5xiR/mVWxo5WcO8pqcajXJea1XDoNK9CaVzizVhUxDhFkU6g==",
      "dev": true,
      "license": "Apache-2.0",
      "bin": {
        "codex": "bin/codex.js"
      },
      "engines": {
        "node": ">=16"
      },
      "optionalDependencies": {
        "@openai/codex-darwin-arm64": "npm:@openai/codex@0.153.2-darwin-arm64",
        "@openai/codex-darwin-x64": "npm:@openai/codex@0.153.2-darwin-x64",
        "@openai/codex-linux-arm64": "npm:@openai/codex@0.153.2-linux-arm64",
        "@openai/codex-linux-x64": "npm:@openai/codex@0.153.2-linux-x64",
        "@openai/codex-win32-arm64": "npm:@openai/codex@0.153.2-win32-arm64",
        "@openai/codex-win32-x64": "npm:@openai/codex@0.153.2-win32-x64"
      }
    },
    "node_modules/@openai/codex-darwin-arm64": {
      "name": "@openai/codex",
      "version": "0.153.2-darwin-arm64",
      "resolved": "https://registry.npmjs.org/@openai/codex/-/codex-0.153.2-darwin-arm64.tgz",
      "integrity": "sha512-8cEJWOIW5WnSn2+W1RUjc1sm2sN1H6NP+cCrOe73ImamUy2yOk3QKjZM2SfkA9jf3fqgwlBNUslhGMen2omc5g==",
      "cpu": [
        "arm64"
      ],
      "dev": true,
      "license": "Apache-2.0",
      "optional": true,
      "os": [
        "darwin"
      ],
      "engines": {
        "node": ">=16"
      }
    },
    "node_modules/@openai/codex-darwin-x64": {
      "name": "@openai/codex",
      "version": "0.153.2-darwin-x64",
      "resolved": "https://registry.npmjs.org/@openai/codex/-/codex-0.153.2-darwin-x64.tgz",
      "integrity": "sha512-hY68UBhIUE3xIn40SdoujokNiCBeHn9Jp9bEtcIrYeYd2IUtu1oCFwxFnkGhw6+UjHn7piiMxohAomddRA4MCg==",
      "cpu": [
        "x64"
      ],
      "dev": true,
      "license": "Apache-2.0",
      "optional": true,
      "os": [
        "darwin"
      ],
      "engines": {
        "node": ">=16"
      }
    },
    "node_modules/@openai/codex-linux-arm64": {
      "name": "@openai/codex",
      "version": "0.153.2-linux-arm64",
      "resolved": "https://registry.npmjs.org/@openai/codex/-/codex-0.153.2-linux-arm64.tgz",
      "integrity": "sha512-QDkOdJzIdMGaOCViY2dqGqr8WhQv81WfmJkAghC3doFedsOfHt87RuAO4yFN7m0FSR3y5UsScSDUT4zOCcmEVA==",
      "cpu": [
        "arm64"
      ],
      "dev": true,
      "license": "Apache-2.0",
      "optional": true,
      "os": [
        "linux"
      ],
      "engines": {
        "node": ">=16"
      }
    },
    "node_modules/@openai/codex-linux-x64": {
      "name": "@openai/codex",
      "version": "0.153.2-linux-x64",
      "resolved": "https://registry.npmjs.org/@openai/codex/-/codex-0.153.2-linux-x64.tgz",
      "integrity": "sha512-CPUPhFmykKRdIcgwiOfKvFKHBP62dPfaiP+pzQ2bVNAfLTW+i0Kasd7hQryoxZUmTPvw0h9HyM2NgsnQ9AJlTw==",
      "cpu": [
        "x64"
      ],
      "dev": true,
      "license": "Apache-2.0",
      "optional": true,
      "os": [
        "linux"
      ],
      "engines": {
        "node": ">=16"
      }
    },
    "node_modules/@openai/codex-win32-arm64": {
      "name": "@openai/codex",
      "version": "0.153.2-win32-arm64",
      "resolved": "https://registry.npmjs.org/@openai/codex/-/codex-0.153.2-win32-arm64.tgz",
      "integrity": "sha512-+49dim0F4FoxKLBDBLzMQL4C1m9FG2kx6twg98jo2USesKfmj8XG3HSCe2tW2zOfRArSgHCDyNDHFdts3AfaBg==",
      "cpu": [
        "arm64"
      ],
      "dev": true,
      "license": "Apache-2.0",
      "optional": true,
      "os": [
        "win32"
      ],
      "engines": {
        "node": ">=16"
      }
    },
    "node_modules/@openai/codex-win32-x64": {
      "name": "@openai/codex",
      "version": "0.153.2-win32-x64",
      "resolved": "https://registry.npmjs.org/@openai/codex/-/codex-0.153.2-win32-x64.tgz",
      "integrity": "sha512-x1PnFo9Uy81NEIlPx3qxkP3PQgkfmJOY/2LqKCKlvxArWIL+PrEV9xKcmKeo9Yw23PPU2TDH3AyqcdeblqtNNg==",
      "cpu": [
        "x64"
      ],
      "dev": true,
      "license": "Apache-2.0",
      "optional": true,
      "os": [
        "win32"
      ],
      "engines": {
        "node": ">=16"
      }
    }
  }
}
