{
  "name": "hyphae-mcp-conformance-hosts",
  "version": "1.0.0",
  "lockfileVersion": 3,
  "requires": true,
  "packages": {
    "": {
      "name": "hyphae-mcp-conformance-hosts",
      "version": "1.0.0",
      "license": "Apache-2.0",
      "devDependencies": {
        "@anthropic-ai/claude-code": "2.1.260",
        "@openai/codex": "0.155.0"
      }
    },
    "node_modules/@anthropic-ai/claude-code": {
      "version": "2.1.260",
      "resolved": "https://registry.npmjs.org/@anthropic-ai/claude-code/-/claude-code-2.1.260.tgz",
      "integrity": "sha512-Arqg8BvlOehmC3QdACN2WKshqqWQVMo+5NwG22aiJbw7M6S1LM7E2pA2MjD8BS5P5EwZVkh2eKUmC6k7pVUqSQ==",
      "dev": true,
      "hasInstallScript": true,
      "license": "SEE LICENSE IN README.md",
      "bin": {
        "claude": "bin/claude.exe"
      },
      "engines": {
        "node": ">=22.0.0"
      },
      "optionalDependencies": {
        "@anthropic-ai/claude-code-darwin-arm64": "2.1.260",
        "@anthropic-ai/claude-code-darwin-x64": "2.1.260",
        "@anthropic-ai/claude-code-linux-arm64": "2.1.260",
        "@anthropic-ai/claude-code-linux-arm64-musl": "2.1.260",
        "@anthropic-ai/claude-code-linux-x64": "2.1.260",
        "@anthropic-ai/claude-code-linux-x64-musl": "2.1.260",
        "@anthropic-ai/claude-code-win32-arm64": "2.1.260",
        "@anthropic-ai/claude-code-win32-x64": "2.1.260"
      }
    },
    "node_modules/@anthropic-ai/claude-code-darwin-arm64": {
      "version": "2.1.260",
      "resolved": "https://registry.npmjs.org/@anthropic-ai/claude-code-darwin-arm64/-/claude-code-darwin-arm64-2.1.260.tgz",
      "integrity": "sha512-rhLCelO/hob3gj5qHEdDTWd+QQzr5JOT10VY86YdRFmLObm4+JSvDDVvkySlpyGThf+2iZDLrGJuSUfnTOwF5w==",
      "cpu": [
        "arm64"
      ],
      "dev": true,
      "license": "SEE LICENSE IN LICENSE.md",
      "optional": true,
      "os": [
        "darwin"
      ]
    },
    "node_modules/@anthropic-ai/claude-code-darwin-x64": {
      "version": "2.1.260",
      "resolved": "https://registry.npmjs.org/@anthropic-ai/claude-code-darwin-x64/-/claude-code-darwin-x64-2.1.260.tgz",
      "integrity": "sha512-znxVLwHnCj5gtXLVwV67Bo6FrqHw6OMWEsZDjkZkS/JjG3SSkKcv3YMkA6hLkzXVBsZ48BgOHRv2MZ6vXcTkFw==",
      "cpu": [
        "x64"
      ],
      "dev": true,
      "license": "SEE LICENSE IN LICENSE.md",
      "optional": true,
      "os": [
        "darwin"
      ]
    },
    "node_modules/@anthropic-ai/claude-code-linux-arm64": {
      "version": "2.1.260",
      "resolved": "https://registry.npmjs.org/@anthropic-ai/claude-code-linux-arm64/-/claude-code-linux-arm64-2.1.260.tgz",
      "integrity": "sha512-lOWJjMw3rRNBjQuGrFqErlk6FW4dbR1Nf51jFtUChv2auatQjPaooslxp9dG944XpNAvn++P65ife4hM2iww6w==",
      "cpu": [
        "arm64"
      ],
      "dev": true,
      "libc": [
        "glibc"
      ],
      "license": "SEE LICENSE IN LICENSE.md",
      "optional": true,
      "os": [
        "linux"
      ]
    },
    "node_modules/@anthropic-ai/claude-code-linux-arm64-musl": {
      "version": "2.1.260",
      "resolved": "https://registry.npmjs.org/@anthropic-ai/claude-code-linux-arm64-musl/-/claude-code-linux-arm64-musl-2.1.260.tgz",
      "integrity": "sha512-73VtNw8xR6DzF0vzB3BjGB15OmQ3KqM8xS2GjGeiqymQmjRtCoJK48gPsW/Si5+OjCz6vZ+Pz6r/iA6vxEFpHA==",
      "cpu": [
        "arm64"
      ],
      "dev": true,
      "libc": [
        "musl"
      ],
      "license": "SEE LICENSE IN LICENSE.md",
      "optional": true,
      "os": [
        "linux"
      ]
    },
    "node_modules/@anthropic-ai/claude-code-linux-x64": {
      "version": "2.1.260",
      "resolved": "https://registry.npmjs.org/@anthropic-ai/claude-code-linux-x64/-/claude-code-linux-x64-2.1.260.tgz",
      "integrity": "sha512-sq79dM8gHYc0eGW44knR7LkzHntJRLODp1e6BIv2pEg6vXvKZHfhzwNyjWE1iX/kzZvtaZrEA5Pg7i+Al3gUdw==",
      "cpu": [
        "x64"
      ],
      "dev": true,
      "libc": [
        "glibc"
      ],
      "license": "SEE LICENSE IN LICENSE.md",
      "optional": true,
      "os": [
        "linux"
      ]
    },
    "node_modules/@anthropic-ai/claude-code-linux-x64-musl": {
      "version": "2.1.260",
      "resolved": "https://registry.npmjs.org/@anthropic-ai/claude-code-linux-x64-musl/-/claude-code-linux-x64-musl-2.1.260.tgz",
      "integrity": "sha512-FfbiXuDVsMiam0K6WkSB0FtP2F04MT5bID9BWxnpc70S7HI8yyQpYLaB2nHRK98KrjkkyVz/f38iX7J9jp1IkA==",
      "cpu": [
        "x64"
      ],
      "dev": true,
      "libc": [
        "musl"
      ],
      "license": "SEE LICENSE IN LICENSE.md",
      "optional": true,
      "os": [
        "linux"
      ]
    },
    "node_modules/@anthropic-ai/claude-code-win32-arm64": {
      "version": "2.1.260",
      "resolved": "https://registry.npmjs.org/@anthropic-ai/claude-code-win32-arm64/-/claude-code-win32-arm64-2.1.260.tgz",
      "integrity": "sha512-kwewEXl+Hx2BdPPDwbRjgBwiihM6CVdN8D75sFFA1BCsOttY4nz09gPhlZAIwQA3qvpPC8xb7iAe3gmV6qlGtA==",
      "cpu": [
        "arm64"
      ],
      "dev": true,
      "license": "SEE LICENSE IN LICENSE.md",
      "optional": true,
      "os": [
        "win32"
      ]
    },
    "node_modules/@anthropic-ai/claude-code-win32-x64": {
      "version": "2.1.260",
      "resolved": "https://registry.npmjs.org/@anthropic-ai/claude-code-win32-x64/-/claude-code-win32-x64-2.1.260.tgz",
      "integrity": "sha512-OzZY5FOJ998KGRxKCXl5P8yTK+5J+2coJZ+ZT6+RQdNhQGQ4kxgQGFTjS422SN1fS1Ugy7xzolpYjuJcUY5Yfw==",
      "cpu": [
        "x64"
      ],
      "dev": true,
      "license": "SEE LICENSE IN LICENSE.md",
      "optional": true,
      "os": [
        "win32"
      ]
    },
    "node_modules/@openai/codex": {
      "version": "0.155.0",
      "resolved": "https://registry.npmjs.org/@openai/codex/-/codex-0.155.0.tgz",
      "integrity": "sha512-35a85Hbwy9WXkDTJumLjTcmMgpR7BMdrTloWBVGjoA+FBCh7jb3+cYp2W+3U4klqGAjAskoIvQZv7/eedmCjHA==",
      "dev": true,
      "license": "Apache-2.0",
      "bin": {
        "codex": "bin/codex.js"
      },
      "engines": {
        "node": ">=16"
      },
      "optionalDependencies": {
        "@openai/codex-darwin-arm64": "npm:@openai/codex@0.155.0-darwin-arm64",
        "@openai/codex-darwin-x64": "npm:@openai/codex@0.155.0-darwin-x64",
        "@openai/codex-linux-arm64": "npm:@openai/codex@0.155.0-linux-arm64",
        "@openai/codex-linux-x64": "npm:@openai/codex@0.155.0-linux-x64",
        "@openai/codex-win32-arm64": "npm:@openai/codex@0.155.0-win32-arm64",
        "@openai/codex-win32-x64": "npm:@openai/codex@0.155.0-win32-x64"
      }
    },
    "node_modules/@openai/codex-darwin-arm64": {
      "name": "@openai/codex",
      "version": "0.155.0-darwin-arm64",
      "resolved": "https://registry.npmjs.org/@openai/codex/-/codex-0.155.0-darwin-arm64.tgz",
      "integrity": "sha512-c0vbt2ZS6XiXq9gQkNictu7PH0deMyq/bw4Ia9bdihU1iJHuGuwC5vD4swU4xhLUKoTs4tMOHwYWKaofFZcVRg==",
      "cpu": [
        "arm64"
      ],
      "dev": true,
      "license": "Apache-2.0",
      "optional": true,
      "os": [
        "darwin"
      ],
      "engines": {
        "node": ">=16"
      }
    },
    "node_modules/@openai/codex-darwin-x64": {
      "name": "@openai/codex",
      "version": "0.155.0-darwin-x64",
      "resolved": "https://registry.npmjs.org/@openai/codex/-/codex-0.155.0-darwin-x64.tgz",
      "integrity": "sha512-Epo33vwukf4uPyxg1c7+7+P4J6YgggdwQrCR/BRGuhjpadZAzoAntfm54CPCNHvW6uSq8BHQX/e9G+f5/0XQ7Q==",
      "cpu": [
        "x64"
      ],
      "dev": true,
      "license": "Apache-2.0",
      "optional": true,
      "os": [
        "darwin"
      ],
      "engines": {
        "node": ">=16"
      }
    },
    "node_modules/@openai/codex-linux-arm64": {
      "name": "@openai/codex",
      "version": "0.155.0-linux-arm64",
      "resolved": "https://registry.npmjs.org/@openai/codex/-/codex-0.155.0-linux-arm64.tgz",
      "integrity": "sha512-iMyMjIYHlBUUDeTEGeEftQozQz0h7nYYCaLDJlZnqDF2Y0+bfdD/ppDS3vsw6mIz/z49haC6TCer11iEWO6fsA==",
      "cpu": [
        "arm64"
      ],
      "dev": true,
      "license": "Apache-2.0",
      "optional": true,
      "os": [
        "linux"
      ],
      "engines": {
        "node": ">=16"
      }
    },
    "node_modules/@openai/codex-linux-x64": {
      "name": "@openai/codex",
      "version": "0.155.0-linux-x64",
      "resolved": "https://registry.npmjs.org/@openai/codex/-/codex-0.155.0-linux-x64.tgz",
      "integrity": "sha512-CiXkVTy4ERdFSXXP8n98/iOyVUCOYFPQ8cuwgeOEEbLhe1LnlQbgH/H8ZeuxO9WXKIZLJg0x626UgR9axY2zSA==",
      "cpu": [
        "x64"
      ],
      "dev": true,
      "license": "Apache-2.0",
      "optional": true,
      "os": [
        "linux"
      ],
      "engines": {
        "node": ">=16"
      }
    },
    "node_modules/@openai/codex-win32-arm64": {
      "name": "@openai/codex",
      "version": "0.155.0-win32-arm64",
      "resolved": "https://registry.npmjs.org/@openai/codex/-/codex-0.155.0-win32-arm64.tgz",
      "integrity": "sha512-aFIONQhKxg+XEVsInLRI2OG8S9OUvfK+nzc4sWcbn8DgxlmuPkbVzloSrD5psh1lKnG4s2qd3QK8tCClSgLzJw==",
      "cpu": [
        "arm64"
      ],
      "dev": true,
      "license": "Apache-2.0",
      "optional": true,
      "os": [
        "win32"
      ],
      "engines": {
        "node": ">=16"
      }
    },
    "node_modules/@openai/codex-win32-x64": {
      "name": "@openai/codex",
      "version": "0.155.0-win32-x64",
      "resolved": "https://registry.npmjs.org/@openai/codex/-/codex-0.155.0-win32-x64.tgz",
      "integrity": "sha512-yfB9DHAB0YLTy3oD4one21pzGIJ99b+U/PW4htAq6OLccPSZa8OZz5HeN3XVy1a2/BbCqwWmK+w4p/aG/3DCRw==",
      "cpu": [
        "x64"
      ],
      "dev": true,
      "license": "Apache-2.0",
      "optional": true,
      "os": [
        "win32"
      ],
      "engines": {
        "node": ">=16"
      }
    }
  }
}
