{
  "name": "hyphae-mcp-conformance-hosts",
  "version": "1.0.0",
  "lockfileVersion": 3,
  "requires": true,
  "packages": {
    "": {
      "name": "hyphae-mcp-conformance-hosts",
      "version": "1.0.0",
      "license": "Apache-2.0",
      "devDependencies": {
        "@anthropic-ai/claude-code": "2.1.268",
        "@openai/codex": "0.153.2"
      }
    },
    "node_modules/@anthropic-ai/claude-code": {
      "version": "2.1.268",
      "resolved": "https://registry.npmjs.org/@anthropic-ai/claude-code/-/claude-code-2.1.268.tgz",
      "integrity": "sha512-DSRUVAbRRH7WaHm99OErT4FJQDkbhIUb8mIaevcFrXtKCZwA9UmKY5+SOFWmgyeEUj2Uh1pFw0Rk/gYffmUEUw==",
      "dev": true,
      "hasInstallScript": true,
      "license": "SEE LICENSE IN README.md",
      "bin": {
        "claude": "bin/claude.exe"
      },
      "engines": {
        "node": ">=22.0.0"
      },
      "optionalDependencies": {
        "@anthropic-ai/claude-code-darwin-arm64": "2.1.268",
        "@anthropic-ai/claude-code-darwin-x64": "2.1.268",
        "@anthropic-ai/claude-code-linux-arm64": "2.1.268",
        "@anthropic-ai/claude-code-linux-arm64-musl": "2.1.268",
        "@anthropic-ai/claude-code-linux-x64": "2.1.268",
        "@anthropic-ai/claude-code-linux-x64-musl": "2.1.268",
        "@anthropic-ai/claude-code-win32-arm64": "2.1.268",
        "@anthropic-ai/claude-code-win32-x64": "2.1.268"
      }
    },
    "node_modules/@anthropic-ai/claude-code-darwin-arm64": {
      "version": "2.1.268",
      "resolved": "https://registry.npmjs.org/@anthropic-ai/claude-code-darwin-arm64/-/claude-code-darwin-arm64-2.1.268.tgz",
      "integrity": "sha512-+pFmygg+D8kfLlcpJMIx6MvbF4GsIvgVuN76Vnd4KucscbFLJ+DpE51C0v5CaaJBWEbDHMZDBjdz+KLuUImuTA==",
      "cpu": [
        "arm64"
      ],
      "dev": true,
      "license": "SEE LICENSE IN LICENSE.md",
      "optional": true,
      "os": [
        "darwin"
      ]
    },
    "node_modules/@anthropic-ai/claude-code-darwin-x64": {
      "version": "2.1.268",
      "resolved": "https://registry.npmjs.org/@anthropic-ai/claude-code-darwin-x64/-/claude-code-darwin-x64-2.1.268.tgz",
      "integrity": "sha512-M26BYgUrEv3edx69X1hCH5PU4BvTRNo3R4X4MmRNe49p5j81YscB1ENfcKLHX048wEOy+yaH30qxk8ou9Pg05w==",
      "cpu": [
        "x64"
      ],
      "dev": true,
      "license": "SEE LICENSE IN LICENSE.md",
      "optional": true,
      "os": [
        "darwin"
      ]
    },
    "node_modules/@anthropic-ai/claude-code-linux-arm64": {
      "version": "2.1.268",
      "resolved": "https://registry.npmjs.org/@anthropic-ai/claude-code-linux-arm64/-/claude-code-linux-arm64-2.1.268.tgz",
      "integrity": "sha512-roxzE42QnT9Kp7ebPHPXQrCv4COI+OjIEQ9yvvxrRolVT18WLn3rUm8GBd1t5YqZLfvefbfgypKyFJKpyK3AbA==",
      "cpu": [
        "arm64"
      ],
      "dev": true,
      "libc": [
        "glibc"
      ],
      "license": "SEE LICENSE IN LICENSE.md",
      "optional": true,
      "os": [
        "linux"
      ]
    },
    "node_modules/@anthropic-ai/claude-code-linux-arm64-musl": {
      "version": "2.1.268",
      "resolved": "https://registry.npmjs.org/@anthropic-ai/claude-code-linux-arm64-musl/-/claude-code-linux-arm64-musl-2.1.268.tgz",
      "integrity": "sha512-0zbOvunfAhLWGb8q/JER4NSPaXcbxJGVbg+2/AkUibdZm1ly2FiSVuB69bXT8ty13pp36+9iiCvKg1JlMnxqhQ==",
      "cpu": [
        "arm64"
      ],
      "dev": true,
      "libc": [
        "musl"
      ],
      "license": "SEE LICENSE IN LICENSE.md",
      "optional": true,
      "os": [
        "linux"
      ]
    },
    "node_modules/@anthropic-ai/claude-code-linux-x64": {
      "version": "2.1.268",
      "resolved": "https://registry.npmjs.org/@anthropic-ai/claude-code-linux-x64/-/claude-code-linux-x64-2.1.268.tgz",
      "integrity": "sha512-jDLnHS2AjeU2dcencmLFSwOLoikSaekS5eIddKsGAWKrOW6sjs4nado+9L1S92nK+ll7SKEERt3uBLlwHZVeTA==",
      "cpu": [
        "x64"
      ],
      "dev": true,
      "libc": [
        "glibc"
      ],
      "license": "SEE LICENSE IN LICENSE.md",
      "optional": true,
      "os": [
        "linux"
      ]
    },
    "node_modules/@anthropic-ai/claude-code-linux-x64-musl": {
      "version": "2.1.268",
      "resolved": "https://registry.npmjs.org/@anthropic-ai/claude-code-linux-x64-musl/-/claude-code-linux-x64-musl-2.1.268.tgz",
      "integrity": "sha512-x5FpeY/7OHl1LgO/fVrdu+4ZWXne7Us8CFl3cS3tCJ+8d9ODwZBEocpvLf4PDBzd1naYYBwYWYC3F1l/zUN51g==",
      "cpu": [
        "x64"
      ],
      "dev": true,
      "libc": [
        "musl"
      ],
      "license": "SEE LICENSE IN LICENSE.md",
      "optional": true,
      "os": [
        "linux"
      ]
    },
    "node_modules/@anthropic-ai/claude-code-win32-arm64": {
      "version": "2.1.268",
      "resolved": "https://registry.npmjs.org/@anthropic-ai/claude-code-win32-arm64/-/claude-code-win32-arm64-2.1.268.tgz",
      "integrity": "sha512-a+F3uTHT3ZBMumd27Yt6YigZB89uWEUs+yqi0membQh2zy0XdwmcKw8GCXCqdx49OabebZAlTyhu+y5dWhAIIg==",
      "cpu": [
        "arm64"
      ],
      "dev": true,
      "license": "SEE LICENSE IN LICENSE.md",
      "optional": true,
      "os": [
        "win32"
      ]
    },
    "node_modules/@anthropic-ai/claude-code-win32-x64": {
      "version": "2.1.268",
      "resolved": "https://registry.npmjs.org/@anthropic-ai/claude-code-win32-x64/-/claude-code-win32-x64-2.1.268.tgz",
      "integrity": "sha512-McYdkygDYZUT+PKvMxQLbddiECQ1cqu729d2NT15he2wGZsRIU8I5zyzCccfjxmaL7ah0Ayn4iILIPNV0XNmNA==",
      "cpu": [
        "x64"
      ],
      "dev": true,
      "license": "SEE LICENSE IN LICENSE.md",
      "optional": true,
      "os": [
        "win32"
      ]
    },
    "node_modules/@openai/codex": {
      "version": "0.153.2",
      "resolved": "https://registry.npmjs.org/@openai/codex/-/codex-0.153.2.tgz",
      "integrity": "sha512-IRocJlE+jCZGYHwIJWBja2nDswTSZY4sNddQgU5xiR/mVWxo5WcO8pqcajXJea1XDoNK9CaVzizVhUxDhFkU6g==",
      "dev": true,
      "license": "Apache-2.0",
      "bin": {
        "codex": "bin/codex.js"
      },
      "engines": {
        "node": ">=16"
      },
      "optionalDependencies": {
        "@openai/codex-darwin-arm64": "npm:@openai/codex@0.153.2-darwin-arm64",
        "@openai/codex-darwin-x64": "npm:@openai/codex@0.153.2-darwin-x64",
        "@openai/codex-linux-arm64": "npm:@openai/codex@0.153.2-linux-arm64",
        "@openai/codex-linux-x64": "npm:@openai/codex@0.153.2-linux-x64",
        "@openai/codex-win32-arm64": "npm:@openai/codex@0.153.2-win32-arm64",
        "@openai/codex-win32-x64": "npm:@openai/codex@0.153.2-win32-x64"
      }
    },
    "node_modules/@openai/codex-darwin-arm64": {
      "name": "@openai/codex",
      "version": "0.153.2-darwin-arm64",
      "resolved": "https://registry.npmjs.org/@openai/codex/-/codex-0.153.2-darwin-arm64.tgz",
      "integrity": "sha512-8cEJWOIW5WnSn2+W1RUjc1sm2sN1H6NP+cCrOe73ImamUy2yOk3QKjZM2SfkA9jf3fqgwlBNUslhGMen2omc5g==",
      "cpu": [
        "arm64"
      ],
      "dev": true,
      "license": "Apache-2.0",
      "optional": true,
      "os": [
        "darwin"
      ],
      "engines": {
        "node": ">=16"
      }
    },
    "node_modules/@openai/codex-darwin-x64": {
      "name": "@openai/codex",
      "version": "0.153.2-darwin-x64",
      "resolved": "https://registry.npmjs.org/@openai/codex/-/codex-0.153.2-darwin-x64.tgz",
      "integrity": "sha512-hY68UBhIUE3xIn40SdoujokNiCBeHn9Jp9bEtcIrYeYd2IUtu1oCFwxFnkGhw6+UjHn7piiMxohAomddRA4MCg==",
      "cpu": [
        "x64"
      ],
      "dev": true,
      "license": "Apache-2.0",
      "optional": true,
      "os": [
        "darwin"
      ],
      "engines": {
        "node": ">=16"
      }
    },
    "node_modules/@openai/codex-linux-arm64": {
      "name": "@openai/codex",
      "version": "0.153.2-linux-arm64",
      "resolved": "https://registry.npmjs.org/@openai/codex/-/codex-0.153.2-linux-arm64.tgz",
      "integrity": "sha512-QDkOdJzIdMGaOCViY2dqGqr8WhQv81WfmJkAghC3doFedsOfHt87RuAO4yFN7m0FSR3y5UsScSDUT4zOCcmEVA==",
      "cpu": [
        "arm64"
      ],
      "dev": true,
      "license": "Apache-2.0",
      "optional": true,
      "os": [
        "linux"
      ],
      "engines": {
        "node": ">=16"
      }
    },
    "node_modules/@openai/codex-linux-x64": {
      "name": "@openai/codex",
      "version": "0.153.2-linux-x64",
      "resolved": "https://registry.npmjs.org/@openai/codex/-/codex-0.153.2-linux-x64.tgz",
      "integrity": "sha512-CPUPhFmykKRdIcgwiOfKvFKHBP62dPfaiP+pzQ2bVNAfLTW+i0Kasd7hQryoxZUmTPvw0h9HyM2NgsnQ9AJlTw==",
      "cpu": [
        "x64"
      ],
      "dev": true,
      "license": "Apache-2.0",
      "optional": true,
      "os": [
        "linux"
      ],
      "engines": {
        "node": ">=16"
      }
    },
    "node_modules/@openai/codex-win32-arm64": {
      "name": "@openai/codex",
      "version": "0.153.2-win32-arm64",
      "resolved": "https://registry.npmjs.org/@openai/codex/-/codex-0.153.2-win32-arm64.tgz",
      "integrity": "sha512-+49dim0F4FoxKLBDBLzMQL4C1m9FG2kx6twg98jo2USesKfmj8XG3HSCe2tW2zOfRArSgHCDyNDHFdts3AfaBg==",
      "cpu": [
        "arm64"
      ],
      "dev": true,
      "license": "Apache-2.0",
      "optional": true,
      "os": [
        "win32"
      ],
      "engines": {
        "node": ">=16"
      }
    },
    "node_modules/@openai/codex-win32-x64": {
      "name": "@openai/codex",
      "version": "0.153.2-win32-x64",
      "resolved": "https://registry.npmjs.org/@openai/codex/-/codex-0.153.2-win32-x64.tgz",
      "integrity": "sha512-x1PnFo9Uy81NEIlPx3qxkP3PQgkfmJOY/2LqKCKlvxArWIL+PrEV9xKcmKeo9Yw23PPU2TDH3AyqcdeblqtNNg==",
      "cpu": [
        "x64"
      ],
      "dev": true,
      "license": "Apache-2.0",
      "optional": true,
      "os": [
        "win32"
      ],
      "engines": {
        "node": ">=16"
      }
    }
  }
}
